{
  "version": "4",
  "specifiers": {
    "jsr:@std/assert@1": "1.0.13",
    "jsr:@std/cli@*": "1.0.17",
    "jsr:@std/cli@^1.0.17": "1.0.17",
    "jsr:@std/internal@^1.0.6": "1.0.6"
  },
  "jsr": {
    "@std/assert@1.0.13": {
      "integrity": "ae0d31e41919b12c656c742b22522c32fb26ed0cba32975cb0de2a273cb68b29",
      "dependencies": [
        "jsr:@std/internal"
      ]
    },
    "@std/cli@1.0.17": {
      "integrity": "e15b9abe629e17be90cc6216327f03a29eae613365f1353837fa749aad29ce7b"
    },
    "@std/internal@1.0.6": {
      "integrity": "9533b128f230f73bd209408bb07a4b12f8d4255ab2a4d22a1fd6d87304aca9a4"
    }
  },
  "remote": {
    "https://deno.land/std@0.200.0/assert/assert.ts": "9a97dad6d98c238938e7540736b826440ad8c1c1e54430ca4c4e623e585607ee",
    "https://deno.land/std@0.200.0/assert/assertion_error.ts": "4d0bde9b374dfbcbe8ac23f54f567b77024fb67dbb1906a852d67fe050d42f56",
    "https://deno.land/std@0.200.0/flags/mod.ts": "a5ac18af6583404f21ea03771f8816669d901e0ff4374020870334d6f61d73d5"
  },
  "workspace": {
    "dependencies": [
      "jsr:@std/assert@1",
      "jsr:@std/cli@^1.0.17"
    ]
  }
}
